
Microsoft Visual Studio Solution File, Format Version 12.00
# Visual Studio Version 16
VisualStudioVersion = 16.0.30320.27
MinimumVisualStudioVersion = 10.0.40219.1
Project("{FAE04EC0-301F-11D3-BF4B-00C04F79EFBC}") = "XUnitIntroPractice", "Csharp-XUnitTest\XUnitIntroPractice.csproj", "{01134C49-81D4-403A-AE06-295D785D6CDC}"
EndProject
Project("{FAE04EC0-301F-11D3-BF4B-00C04F79EFBC}") = "XUnitIntroPractice_Tests", "XUnitIntroPractice_Tests\XUnitIntroPractice_Tests.csproj", "{AD45B427-32BC-49D2-9EA5-49C6A28AC498}"
EndProject
Global
	GlobalSection(SolutionConfigurationPlatforms) = preSolution
		Debug|Any CPU = Debug|Any CPU
		Release|Any CPU = Release|Any CPU
	EndGlobalSection
	GlobalSection(ProjectConfigurationPlatforms) = postSolution
		{01134C49-81D4-403A-AE06-295D785D6CDC}.Debug|Any CPU.ActiveCfg = Debug|Any CPU
		{01134C49-81D4-403A-AE06-295D785D6CDC}.Debug|Any CPU.Build.0 = Debug|Any CPU
		{01134C49-81D4-403A-AE06-295D785D6CDC}.Release|Any CPU.ActiveCfg = Release|Any CPU
		{01134C49-81D4-403A-AE06-295D785D6CDC}.Release|Any CPU.Build.0 = Release|Any CPU
		{AD45B427-32BC-49D2-9EA5-49C6A28AC498}.Debug|Any CPU.ActiveCfg = Debug|Any CPU
		{AD45B427-32BC-49D2-9EA5-49C6A28AC498}.Debug|Any CPU.Build.0 = Debug|Any CPU
		{AD45B427-32BC-49D2-9EA5-49C6A28AC498}.Release|Any CPU.ActiveCfg = Release|Any CPU
		{AD45B427-32BC-49D2-9EA5-49C6A28AC498}.Release|Any CPU.Build.0 = Release|Any CPU
	EndGlobalSection
	GlobalSection(SolutionProperties) = preSolution
		HideSolutionNode = FALSE
	EndGlobalSection
	GlobalSection(ExtensibilityGlobals) = postSolution
		SolutionGuid = {08A5A545-D1F9-422F-8AD1-E85745813ECC}
	EndGlobalSection
EndGlobal
